
Microsoft Visual Studio Solution File, Format Version 12.00
# Visual Studio 15
VisualStudioVersion = 15.0.28307.102
MinimumVisualStudioVersion = 10.0.40219.1
Project("{9A19103F-16F7-4668-BE54-9A1E7A4F7556}") = "Hdir.Tass.Api", "Hdir.Tass.Api\Hdir.Tass.Api.csproj", "{84B7CFDB-AA6C-4A66-80C8-40DA2A67BFBE}"
EndProject
Project("{9A19103F-16F7-4668-BE54-9A1E7A4F7556}") = "Hdir.Tass. DataAccess", "Hdir.Tass. DataAccess\Hdir.Tass. DataAccess.csproj", "{E4D26C23-B2B6-446F-A50C-E888E622273E}"
EndProject
Project("{FAE04EC0-301F-11D3-BF4B-00C04F79EFBC}") = "Hdir.Tass.BusinessLogic", "Hdir.Tass.BusinessLogic\Hdir.Tass.BusinessLogic.csproj", "{4602ADAB-A142-47C9-B616-702C0BE1DD63}"
EndProject
Project("{FAE04EC0-301F-11D3-BF4B-00C04F79EFBC}") = "Hdir.Tass.Fasade", "Hdir.Tass.Fasade\Hdir.Tass.Fasade.csproj", "{A9578F63-49CE-466F-9061-869AC618FC0A}"
EndProject
Global
	GlobalSection(SolutionConfigurationPlatforms) = preSolution
		Debug|Any CPU = Debug|Any CPU
		Release|Any CPU = Release|Any CPU
	EndGlobalSection
	GlobalSection(ProjectConfigurationPlatforms) = postSolution
		{84B7CFDB-AA6C-4A66-80C8-40DA2A67BFBE}.Debug|Any CPU.ActiveCfg = Debug|Any CPU
		{84B7CFDB-AA6C-4A66-80C8-40DA2A67BFBE}.Debug|Any CPU.Build.0 = Debug|Any CPU
		{84B7CFDB-AA6C-4A66-80C8-40DA2A67BFBE}.Release|Any CPU.ActiveCfg = Release|Any CPU
		{84B7CFDB-AA6C-4A66-80C8-40DA2A67BFBE}.Release|Any CPU.Build.0 = Release|Any CPU
		{E4D26C23-B2B6-446F-A50C-E888E622273E}.Debug|Any CPU.ActiveCfg = Debug|Any CPU
		{E4D26C23-B2B6-446F-A50C-E888E622273E}.Debug|Any CPU.Build.0 = Debug|Any CPU
		{E4D26C23-B2B6-446F-A50C-E888E622273E}.Release|Any CPU.ActiveCfg = Release|Any CPU
		{E4D26C23-B2B6-446F-A50C-E888E622273E}.Release|Any CPU.Build.0 = Release|Any CPU
		{4602ADAB-A142-47C9-B616-702C0BE1DD63}.Debug|Any CPU.ActiveCfg = Debug|Any CPU
		{4602ADAB-A142-47C9-B616-702C0BE1DD63}.Debug|Any CPU.Build.0 = Debug|Any CPU
		{4602ADAB-A142-47C9-B616-702C0BE1DD63}.Release|Any CPU.ActiveCfg = Release|Any CPU
		{4602ADAB-A142-47C9-B616-702C0BE1DD63}.Release|Any CPU.Build.0 = Release|Any CPU
		{A9578F63-49CE-466F-9061-869AC618FC0A}.Debug|Any CPU.ActiveCfg = Debug|Any CPU
		{A9578F63-49CE-466F-9061-869AC618FC0A}.Debug|Any CPU.Build.0 = Debug|Any CPU
		{A9578F63-49CE-466F-9061-869AC618FC0A}.Release|Any CPU.ActiveCfg = Release|Any CPU
		{A9578F63-49CE-466F-9061-869AC618FC0A}.Release|Any CPU.Build.0 = Release|Any CPU
	EndGlobalSection
	GlobalSection(SolutionProperties) = preSolution
		HideSolutionNode = FALSE
	EndGlobalSection
	GlobalSection(ExtensibilityGlobals) = postSolution
		SolutionGuid = {8F17F1BA-C6ED-47CC-AA7E-3473754BF7E1}
	EndGlobalSection
EndGlobal
