
Microsoft Visual Studio Solution File, Format Version 12.00
# Visual Studio 15
VisualStudioVersion = 15.0.28307.102
MinimumVisualStudioVersion = 10.0.40219.1
Project("{9A19103F-16F7-4668-BE54-9A1E7A4F7556}") = "Hdir.Besta. DataAccess", "Hdir.Besta. DataAccess\Hdir.Besta. DataAccess.csproj", "{BD9794B7-1106-435E-A76D-6F4F4CC6AD3E}"
EndProject
Project("{9A19103F-16F7-4668-BE54-9A1E7A4F7556}") = "Hdir.Besta.Api", "Hdir.Besta.Api\Hdir.Besta.Api.csproj", "{92723499-443F-4D2B-B370-398C7ECB11A1}"
EndProject
Project("{9A19103F-16F7-4668-BE54-9A1E7A4F7556}") = "Hdir.Besta.Business", "Hdir.Besta.BusinessLogic\Hdir.Besta.Business.csproj", "{F8437F21-B1A1-4B80-AA05-9AA70EA00DCC}"
EndProject
Project("{9A19103F-16F7-4668-BE54-9A1E7A4F7556}") = "Hdir.Besta.Fasade", "Hdir.Besta.Fasade\Hdir.Besta.Fasade.csproj", "{6D2BCFA8-627C-4598-A327-609483399966}"
EndProject
Project("{9A19103F-16F7-4668-BE54-9A1E7A4F7556}") = "Hdir.Besta.Felles", "Hdir.Besta.Felles\Hdir.Besta.Felles.csproj", "{E96857C7-4025-41D2-AE90-14DBE4AB0ED8}"
EndProject
Global
	GlobalSection(SolutionConfigurationPlatforms) = preSolution
		Debug|Any CPU = Debug|Any CPU
		Release|Any CPU = Release|Any CPU
	EndGlobalSection
	GlobalSection(ProjectConfigurationPlatforms) = postSolution
		{BD9794B7-1106-435E-A76D-6F4F4CC6AD3E}.Debug|Any CPU.ActiveCfg = Debug|Any CPU
		{BD9794B7-1106-435E-A76D-6F4F4CC6AD3E}.Debug|Any CPU.Build.0 = Debug|Any CPU
		{BD9794B7-1106-435E-A76D-6F4F4CC6AD3E}.Release|Any CPU.ActiveCfg = Release|Any CPU
		{BD9794B7-1106-435E-A76D-6F4F4CC6AD3E}.Release|Any CPU.Build.0 = Release|Any CPU
		{92723499-443F-4D2B-B370-398C7ECB11A1}.Debug|Any CPU.ActiveCfg = Debug|Any CPU
		{92723499-443F-4D2B-B370-398C7ECB11A1}.Debug|Any CPU.Build.0 = Debug|Any CPU
		{92723499-443F-4D2B-B370-398C7ECB11A1}.Release|Any CPU.ActiveCfg = Release|Any CPU
		{92723499-443F-4D2B-B370-398C7ECB11A1}.Release|Any CPU.Build.0 = Release|Any CPU
		{F8437F21-B1A1-4B80-AA05-9AA70EA00DCC}.Debug|Any CPU.ActiveCfg = Debug|Any CPU
		{F8437F21-B1A1-4B80-AA05-9AA70EA00DCC}.Debug|Any CPU.Build.0 = Debug|Any CPU
		{F8437F21-B1A1-4B80-AA05-9AA70EA00DCC}.Release|Any CPU.ActiveCfg = Release|Any CPU
		{F8437F21-B1A1-4B80-AA05-9AA70EA00DCC}.Release|Any CPU.Build.0 = Release|Any CPU
		{6D2BCFA8-627C-4598-A327-609483399966}.Debug|Any CPU.ActiveCfg = Debug|Any CPU
		{6D2BCFA8-627C-4598-A327-609483399966}.Debug|Any CPU.Build.0 = Debug|Any CPU
		{6D2BCFA8-627C-4598-A327-609483399966}.Release|Any CPU.ActiveCfg = Release|Any CPU
		{6D2BCFA8-627C-4598-A327-609483399966}.Release|Any CPU.Build.0 = Release|Any CPU
		{E96857C7-4025-41D2-AE90-14DBE4AB0ED8}.Debug|Any CPU.ActiveCfg = Debug|Any CPU
		{E96857C7-4025-41D2-AE90-14DBE4AB0ED8}.Debug|Any CPU.Build.0 = Debug|Any CPU
		{E96857C7-4025-41D2-AE90-14DBE4AB0ED8}.Release|Any CPU.ActiveCfg = Release|Any CPU
		{E96857C7-4025-41D2-AE90-14DBE4AB0ED8}.Release|Any CPU.Build.0 = Release|Any CPU
	EndGlobalSection
	GlobalSection(SolutionProperties) = preSolution
		HideSolutionNode = FALSE
	EndGlobalSection
	GlobalSection(ExtensibilityGlobals) = postSolution
		SolutionGuid = {8F17F1BA-C6ED-47CC-AA7E-3473754BF7E1}
	EndGlobalSection
EndGlobal
